
Microsoft Visual Studio Solution File, Format Version 12.00
# Visual Studio 2013
VisualStudioVersion = 12.0.40629.0
MinimumVisualStudioVersion = 10.0.40219.1
Project("{2150E333-8FDC-42A3-9474-1A3956D46DE8}") = "AppAdministrativo", "AppAdministrativo", "{D13665BD-0BEC-4A99-8B85-AC894F401F25}"
EndProject
Project("{2150E333-8FDC-42A3-9474-1A3956D46DE8}") = "AppAlumno", "AppAlumno", "{0EEE36EA-5296-4859-A0A7-C4F64A88CA46}"
EndProject
Project("{2150E333-8FDC-42A3-9474-1A3956D46DE8}") = "Inscritos", "Inscritos", "{849346FD-3D6B-41D7-A7B8-ADDCFEB1B589}"
EndProject
Project("{2150E333-8FDC-42A3-9474-1A3956D46DE8}") = "Solution Items", "Solution Items", "{6F8C4A28-2F37-49AC-BE45-28ED63B41A85}"
	ProjectSection(SolutionItems) = preProject
		README.md = README.md
	EndProjectSection
EndProject
Project("{FAE04EC0-301F-11D3-BF4B-00C04F79EFBC}") = "SistemaUni", "Inscritos\SistemaUni\SistemaUni.csproj", "{32E64B22-872C-4EBA-AF2B-D6EE57F39622}"
EndProject
Project("{FAE04EC0-301F-11D3-BF4B-00C04F79EFBC}") = "DAL", "Inscritos\DAL\DAL.csproj", "{6E8BB890-A042-4588-B3F7-22186A130CBA}"
EndProject
Project("{FAE04EC0-301F-11D3-BF4B-00C04F79EFBC}") = "BLL", "Inscritos\BLL\BLL.csproj", "{4C838B8D-62D6-4BBD-AB16-D6E710505013}"
EndProject
Project("{FAE04EC0-301F-11D3-BF4B-00C04F79EFBC}") = "DTO", "Inscritos\DTO\DTO.csproj", "{85F92D5D-7EA4-464B-B5C9-EE1DA2BA5A45}"
EndProject
Project("{FAE04EC0-301F-11D3-BF4B-00C04F79EFBC}") = "Herramientas", "Inscritos\Herramientas\Herramientas.csproj", "{CCE5AAE9-EFED-4CE1-8628-429E6A838BF4}"
EndProject
Project("{FAE04EC0-301F-11D3-BF4B-00C04F79EFBC}") = "Reportes", "Inscritos\Reportes\Reportes.csproj", "{55DB2068-754A-46CE-BAEF-4F486BC04233}"
EndProject
Project("{FAE04EC0-301F-11D3-BF4B-00C04F79EFBC}") = "WebServices", "Inscritos\WebServices\WebServices.csproj", "{19FAF7C6-45E5-4CB6-A248-B348A91C07D3}"
EndProject
Project("{FAE04EC0-301F-11D3-BF4B-00C04F79EFBC}") = "Pruebas", "Inscritos\Pruebas\Pruebas.csproj", "{5F29DAC8-A5D0-4F40-8D6F-3697D2350AB0}"
EndProject
Project("{FAE04EC0-301F-11D3-BF4B-00C04F79EFBC}") = "Universidad.BLL", "AppAdministrativo\Universidad.BLL\Universidad.BLL.csproj", "{105F1438-F8B7-4282-8E30-919671C77F82}"
EndProject
Project("{FAE04EC0-301F-11D3-BF4B-00C04F79EFBC}") = "Utilities", "AppAdministrativo\Utilities\Utilities.csproj", "{4A1EEF23-9B4B-49C4-8A98-30EA53D34CF6}"
EndProject
Project("{FAE04EC0-301F-11D3-BF4B-00C04F79EFBC}") = "UI", "AppAdministrativo\WebApp\UI\UI.csproj", "{CB3F127C-44C3-4893-917B-CBC7A0AFBAD7}"
EndProject
Project("{FAE04EC0-301F-11D3-BF4B-00C04F79EFBC}") = "Universidad.DTO", "AppAdministrativo\Universidad.DTO\Universidad.DTO.csproj", "{120FC082-11CC-407A-9DEB-D9B987AA3C89}"
EndProject
Project("{FAE04EC0-301F-11D3-BF4B-00C04F79EFBC}") = "Universidad.DAL", "AppAdministrativo\Universidad.DAL\Universidad.DAL.csproj", "{F0A21E11-6CA6-41BF-956E-345D85A6A3B2}"
EndProject
Project("{FAE04EC0-301F-11D3-BF4B-00C04F79EFBC}") = "UI", "AppAlumno\WebApp\UI\UI.csproj", "{82F22780-86E0-433B-95B2-56B42B34F8A0}"
EndProject
Project("{2150E333-8FDC-42A3-9474-1A3956D46DE8}") = ".nuget", ".nuget", "{D24F24CC-4F3D-4FC1-A1A7-F2C1476704FC}"
	ProjectSection(SolutionItems) = preProject
		.nuget\NuGet.Config = .nuget\NuGet.Config
		.nuget\NuGet.exe = .nuget\NuGet.exe
		.nuget\NuGet.targets = .nuget\NuGet.targets
	EndProjectSection
EndProject
Global
	GlobalSection(SolutionConfigurationPlatforms) = preSolution
		Debug|Any CPU = Debug|Any CPU
		Release|Any CPU = Release|Any CPU
	EndGlobalSection
	GlobalSection(ProjectConfigurationPlatforms) = postSolution
		{32E64B22-872C-4EBA-AF2B-D6EE57F39622}.Debug|Any CPU.ActiveCfg = Debug|Any CPU
		{32E64B22-872C-4EBA-AF2B-D6EE57F39622}.Debug|Any CPU.Build.0 = Debug|Any CPU
		{32E64B22-872C-4EBA-AF2B-D6EE57F39622}.Release|Any CPU.ActiveCfg = Release|Any CPU
		{32E64B22-872C-4EBA-AF2B-D6EE57F39622}.Release|Any CPU.Build.0 = Release|Any CPU
		{6E8BB890-A042-4588-B3F7-22186A130CBA}.Debug|Any CPU.ActiveCfg = Debug|Any CPU
		{6E8BB890-A042-4588-B3F7-22186A130CBA}.Debug|Any CPU.Build.0 = Debug|Any CPU
		{6E8BB890-A042-4588-B3F7-22186A130CBA}.Release|Any CPU.ActiveCfg = Release|Any CPU
		{6E8BB890-A042-4588-B3F7-22186A130CBA}.Release|Any CPU.Build.0 = Release|Any CPU
		{4C838B8D-62D6-4BBD-AB16-D6E710505013}.Debug|Any CPU.ActiveCfg = Debug|Any CPU
		{4C838B8D-62D6-4BBD-AB16-D6E710505013}.Debug|Any CPU.Build.0 = Debug|Any CPU
		{4C838B8D-62D6-4BBD-AB16-D6E710505013}.Release|Any CPU.ActiveCfg = Release|Any CPU
		{4C838B8D-62D6-4BBD-AB16-D6E710505013}.Release|Any CPU.Build.0 = Release|Any CPU
		{85F92D5D-7EA4-464B-B5C9-EE1DA2BA5A45}.Debug|Any CPU.ActiveCfg = Debug|Any CPU
		{85F92D5D-7EA4-464B-B5C9-EE1DA2BA5A45}.Debug|Any CPU.Build.0 = Debug|Any CPU
		{85F92D5D-7EA4-464B-B5C9-EE1DA2BA5A45}.Release|Any CPU.ActiveCfg = Release|Any CPU
		{85F92D5D-7EA4-464B-B5C9-EE1DA2BA5A45}.Release|Any CPU.Build.0 = Release|Any CPU
		{CCE5AAE9-EFED-4CE1-8628-429E6A838BF4}.Debug|Any CPU.ActiveCfg = Debug|Any CPU
		{CCE5AAE9-EFED-4CE1-8628-429E6A838BF4}.Debug|Any CPU.Build.0 = Debug|Any CPU
		{CCE5AAE9-EFED-4CE1-8628-429E6A838BF4}.Release|Any CPU.ActiveCfg = Release|Any CPU
		{CCE5AAE9-EFED-4CE1-8628-429E6A838BF4}.Release|Any CPU.Build.0 = Release|Any CPU
		{55DB2068-754A-46CE-BAEF-4F486BC04233}.Debug|Any CPU.ActiveCfg = Debug|Any CPU
		{55DB2068-754A-46CE-BAEF-4F486BC04233}.Debug|Any CPU.Build.0 = Debug|Any CPU
		{55DB2068-754A-46CE-BAEF-4F486BC04233}.Release|Any CPU.ActiveCfg = Release|Any CPU
		{55DB2068-754A-46CE-BAEF-4F486BC04233}.Release|Any CPU.Build.0 = Release|Any CPU
		{19FAF7C6-45E5-4CB6-A248-B348A91C07D3}.Debug|Any CPU.ActiveCfg = Debug|Any CPU
		{19FAF7C6-45E5-4CB6-A248-B348A91C07D3}.Debug|Any CPU.Build.0 = Debug|Any CPU
		{19FAF7C6-45E5-4CB6-A248-B348A91C07D3}.Release|Any CPU.ActiveCfg = Release|Any CPU
		{19FAF7C6-45E5-4CB6-A248-B348A91C07D3}.Release|Any CPU.Build.0 = Release|Any CPU
		{5F29DAC8-A5D0-4F40-8D6F-3697D2350AB0}.Debug|Any CPU.ActiveCfg = Debug|Any CPU
		{5F29DAC8-A5D0-4F40-8D6F-3697D2350AB0}.Debug|Any CPU.Build.0 = Debug|Any CPU
		{5F29DAC8-A5D0-4F40-8D6F-3697D2350AB0}.Release|Any CPU.ActiveCfg = Release|Any CPU
		{5F29DAC8-A5D0-4F40-8D6F-3697D2350AB0}.Release|Any CPU.Build.0 = Release|Any CPU
		{105F1438-F8B7-4282-8E30-919671C77F82}.Debug|Any CPU.ActiveCfg = Debug|Any CPU
		{105F1438-F8B7-4282-8E30-919671C77F82}.Debug|Any CPU.Build.0 = Debug|Any CPU
		{105F1438-F8B7-4282-8E30-919671C77F82}.Release|Any CPU.ActiveCfg = Release|Any CPU
		{105F1438-F8B7-4282-8E30-919671C77F82}.Release|Any CPU.Build.0 = Release|Any CPU
		{4A1EEF23-9B4B-49C4-8A98-30EA53D34CF6}.Debug|Any CPU.ActiveCfg = Debug|Any CPU
		{4A1EEF23-9B4B-49C4-8A98-30EA53D34CF6}.Debug|Any CPU.Build.0 = Debug|Any CPU
		{4A1EEF23-9B4B-49C4-8A98-30EA53D34CF6}.Release|Any CPU.ActiveCfg = Release|Any CPU
		{4A1EEF23-9B4B-49C4-8A98-30EA53D34CF6}.Release|Any CPU.Build.0 = Release|Any CPU
		{CB3F127C-44C3-4893-917B-CBC7A0AFBAD7}.Debug|Any CPU.ActiveCfg = Debug|Any CPU
		{CB3F127C-44C3-4893-917B-CBC7A0AFBAD7}.Debug|Any CPU.Build.0 = Debug|Any CPU
		{CB3F127C-44C3-4893-917B-CBC7A0AFBAD7}.Release|Any CPU.ActiveCfg = Release|Any CPU
		{CB3F127C-44C3-4893-917B-CBC7A0AFBAD7}.Release|Any CPU.Build.0 = Release|Any CPU
		{120FC082-11CC-407A-9DEB-D9B987AA3C89}.Debug|Any CPU.ActiveCfg = Debug|Any CPU
		{120FC082-11CC-407A-9DEB-D9B987AA3C89}.Debug|Any CPU.Build.0 = Debug|Any CPU
		{120FC082-11CC-407A-9DEB-D9B987AA3C89}.Release|Any CPU.ActiveCfg = Release|Any CPU
		{120FC082-11CC-407A-9DEB-D9B987AA3C89}.Release|Any CPU.Build.0 = Release|Any CPU
		{F0A21E11-6CA6-41BF-956E-345D85A6A3B2}.Debug|Any CPU.ActiveCfg = Debug|Any CPU
		{F0A21E11-6CA6-41BF-956E-345D85A6A3B2}.Debug|Any CPU.Build.0 = Debug|Any CPU
		{F0A21E11-6CA6-41BF-956E-345D85A6A3B2}.Release|Any CPU.ActiveCfg = Release|Any CPU
		{F0A21E11-6CA6-41BF-956E-345D85A6A3B2}.Release|Any CPU.Build.0 = Release|Any CPU
		{82F22780-86E0-433B-95B2-56B42B34F8A0}.Debug|Any CPU.ActiveCfg = Debug|Any CPU
		{82F22780-86E0-433B-95B2-56B42B34F8A0}.Debug|Any CPU.Build.0 = Debug|Any CPU
		{82F22780-86E0-433B-95B2-56B42B34F8A0}.Release|Any CPU.ActiveCfg = Release|Any CPU
		{82F22780-86E0-433B-95B2-56B42B34F8A0}.Release|Any CPU.Build.0 = Release|Any CPU
	EndGlobalSection
	GlobalSection(SolutionProperties) = preSolution
		HideSolutionNode = FALSE
	EndGlobalSection
	GlobalSection(NestedProjects) = preSolution
		{32E64B22-872C-4EBA-AF2B-D6EE57F39622} = {849346FD-3D6B-41D7-A7B8-ADDCFEB1B589}
		{6E8BB890-A042-4588-B3F7-22186A130CBA} = {849346FD-3D6B-41D7-A7B8-ADDCFEB1B589}
		{4C838B8D-62D6-4BBD-AB16-D6E710505013} = {849346FD-3D6B-41D7-A7B8-ADDCFEB1B589}
		{85F92D5D-7EA4-464B-B5C9-EE1DA2BA5A45} = {849346FD-3D6B-41D7-A7B8-ADDCFEB1B589}
		{CCE5AAE9-EFED-4CE1-8628-429E6A838BF4} = {849346FD-3D6B-41D7-A7B8-ADDCFEB1B589}
		{55DB2068-754A-46CE-BAEF-4F486BC04233} = {849346FD-3D6B-41D7-A7B8-ADDCFEB1B589}
		{19FAF7C6-45E5-4CB6-A248-B348A91C07D3} = {849346FD-3D6B-41D7-A7B8-ADDCFEB1B589}
		{5F29DAC8-A5D0-4F40-8D6F-3697D2350AB0} = {849346FD-3D6B-41D7-A7B8-ADDCFEB1B589}
		{105F1438-F8B7-4282-8E30-919671C77F82} = {D13665BD-0BEC-4A99-8B85-AC894F401F25}
		{4A1EEF23-9B4B-49C4-8A98-30EA53D34CF6} = {D13665BD-0BEC-4A99-8B85-AC894F401F25}
		{CB3F127C-44C3-4893-917B-CBC7A0AFBAD7} = {D13665BD-0BEC-4A99-8B85-AC894F401F25}
		{120FC082-11CC-407A-9DEB-D9B987AA3C89} = {D13665BD-0BEC-4A99-8B85-AC894F401F25}
		{F0A21E11-6CA6-41BF-956E-345D85A6A3B2} = {D13665BD-0BEC-4A99-8B85-AC894F401F25}
		{82F22780-86E0-433B-95B2-56B42B34F8A0} = {0EEE36EA-5296-4859-A0A7-C4F64A88CA46}
	EndGlobalSection
EndGlobal
