
Microsoft Visual Studio Solution File, Format Version 12.00
# Visual Studio 15
VisualStudioVersion = 15.0.27130.2010
MinimumVisualStudioVersion = 10.0.40219.1
Project("{2150E333-8FDC-42A3-9474-1A3956D46DE8}") = ".nuget", ".nuget", "{D24F24CC-4F3D-4FC1-A1A7-F2C1476704FC}"
	ProjectSection(SolutionItems) = preProject
		.nuget\NuGet.Config = .nuget\NuGet.Config
		.nuget\NuGet.exe = .nuget\NuGet.exe
		.nuget\NuGet.targets = .nuget\NuGet.targets
	EndProjectSection
EndProject
Project("{2150E333-8FDC-42A3-9474-1A3956D46DE8}") = "SICI", "SICI", "{FF063A95-22DE-44EA-B2CE-10E5EB6BB49B}"
EndProject
Project("{FAE04EC0-301F-11D3-BF4B-00C04F79EFBC}") = "BLL", "BLL\BLL.csproj", "{EBE8E3C3-DD70-49AA-8E6E-D10D4FA4EE9A}"
EndProject
Project("{FAE04EC0-301F-11D3-BF4B-00C04F79EFBC}") = "DAL", "DAL\DAL.csproj", "{A39EC83F-91C0-410E-8BAA-8381577B6DE8}"
EndProject
Project("{FAE04EC0-301F-11D3-BF4B-00C04F79EFBC}") = "DTO", "DTO\DTO.csproj", "{AB0D0617-EB19-4CA1-B344-BBFECD7A39D0}"
EndProject
Project("{FAE04EC0-301F-11D3-BF4B-00C04F79EFBC}") = "Herramientas", "Herramientas\Herramientas.csproj", "{CB91B6C5-F64D-45C7-906D-3AD2E1C0DFA1}"
EndProject
Project("{2150E333-8FDC-42A3-9474-1A3956D46DE8}") = "Sources", "Sources", "{E49B538F-AB99-4C52-963C-4F1FA41BB0FC}"
EndProject
Project("{FAE04EC0-301F-11D3-BF4B-00C04F79EFBC}") = "AppAdministrativos", "AppAdministrativos\AppAdministrativos.csproj", "{918F5EB5-FF14-45A2-BD0C-FC9E6391D2A5}"
EndProject
Project("{FAE04EC0-301F-11D3-BF4B-00C04F79EFBC}") = "Reportes", "Reportes\Reportes.csproj", "{4BAE381A-6C10-4974-ABAF-94960C048B79}"
EndProject
Project("{FAE04EC0-301F-11D3-BF4B-00C04F79EFBC}") = "Utilities", "Utilities\Utilities.csproj", "{BD52672D-6689-41FE-957C-6B84D18080A3}"
EndProject
Project("{FAE04EC0-301F-11D3-BF4B-00C04F79EFBC}") = "AppAlumnos", "AppAlumnos\AppAlumnos.csproj", "{3B59A589-CA99-46D2-9051-04616DF9762A}"
EndProject
Project("{FAE04EC0-301F-11D3-BF4B-00C04F79EFBC}") = "Pruebas", "Pruebas\Pruebas.csproj", "{D73F477F-C664-4108-A80E-A9789F99E841}"
EndProject
Global
	GlobalSection(SolutionConfigurationPlatforms) = preSolution
		Debug|Any CPU = Debug|Any CPU
		Debug|ARM = Debug|ARM
		Debug|x64 = Debug|x64
		Debug|x86 = Debug|x86
		Release|Any CPU = Release|Any CPU
		Release|ARM = Release|ARM
		Release|x64 = Release|x64
		Release|x86 = Release|x86
	EndGlobalSection
	GlobalSection(ProjectConfigurationPlatforms) = postSolution
		{EBE8E3C3-DD70-49AA-8E6E-D10D4FA4EE9A}.Debug|Any CPU.ActiveCfg = Debug|Any CPU
		{EBE8E3C3-DD70-49AA-8E6E-D10D4FA4EE9A}.Debug|Any CPU.Build.0 = Debug|Any CPU
		{EBE8E3C3-DD70-49AA-8E6E-D10D4FA4EE9A}.Debug|ARM.ActiveCfg = Debug|Any CPU
		{EBE8E3C3-DD70-49AA-8E6E-D10D4FA4EE9A}.Debug|ARM.Build.0 = Debug|Any CPU
		{EBE8E3C3-DD70-49AA-8E6E-D10D4FA4EE9A}.Debug|x64.ActiveCfg = Debug|Any CPU
		{EBE8E3C3-DD70-49AA-8E6E-D10D4FA4EE9A}.Debug|x64.Build.0 = Debug|Any CPU
		{EBE8E3C3-DD70-49AA-8E6E-D10D4FA4EE9A}.Debug|x86.ActiveCfg = Debug|Any CPU
		{EBE8E3C3-DD70-49AA-8E6E-D10D4FA4EE9A}.Debug|x86.Build.0 = Debug|Any CPU
		{EBE8E3C3-DD70-49AA-8E6E-D10D4FA4EE9A}.Release|Any CPU.ActiveCfg = Release|Any CPU
		{EBE8E3C3-DD70-49AA-8E6E-D10D4FA4EE9A}.Release|Any CPU.Build.0 = Release|Any CPU
		{EBE8E3C3-DD70-49AA-8E6E-D10D4FA4EE9A}.Release|ARM.ActiveCfg = Release|Any CPU
		{EBE8E3C3-DD70-49AA-8E6E-D10D4FA4EE9A}.Release|ARM.Build.0 = Release|Any CPU
		{EBE8E3C3-DD70-49AA-8E6E-D10D4FA4EE9A}.Release|x64.ActiveCfg = Release|Any CPU
		{EBE8E3C3-DD70-49AA-8E6E-D10D4FA4EE9A}.Release|x64.Build.0 = Release|Any CPU
		{EBE8E3C3-DD70-49AA-8E6E-D10D4FA4EE9A}.Release|x86.ActiveCfg = Release|Any CPU
		{EBE8E3C3-DD70-49AA-8E6E-D10D4FA4EE9A}.Release|x86.Build.0 = Release|Any CPU
		{A39EC83F-91C0-410E-8BAA-8381577B6DE8}.Debug|Any CPU.ActiveCfg = Debug|Any CPU
		{A39EC83F-91C0-410E-8BAA-8381577B6DE8}.Debug|Any CPU.Build.0 = Debug|Any CPU
		{A39EC83F-91C0-410E-8BAA-8381577B6DE8}.Debug|ARM.ActiveCfg = Debug|Any CPU
		{A39EC83F-91C0-410E-8BAA-8381577B6DE8}.Debug|ARM.Build.0 = Debug|Any CPU
		{A39EC83F-91C0-410E-8BAA-8381577B6DE8}.Debug|x64.ActiveCfg = Debug|Any CPU
		{A39EC83F-91C0-410E-8BAA-8381577B6DE8}.Debug|x64.Build.0 = Debug|Any CPU
		{A39EC83F-91C0-410E-8BAA-8381577B6DE8}.Debug|x86.ActiveCfg = Debug|Any CPU
		{A39EC83F-91C0-410E-8BAA-8381577B6DE8}.Debug|x86.Build.0 = Debug|Any CPU
		{A39EC83F-91C0-410E-8BAA-8381577B6DE8}.Release|Any CPU.ActiveCfg = Release|Any CPU
		{A39EC83F-91C0-410E-8BAA-8381577B6DE8}.Release|Any CPU.Build.0 = Release|Any CPU
		{A39EC83F-91C0-410E-8BAA-8381577B6DE8}.Release|ARM.ActiveCfg = Release|Any CPU
		{A39EC83F-91C0-410E-8BAA-8381577B6DE8}.Release|ARM.Build.0 = Release|Any CPU
		{A39EC83F-91C0-410E-8BAA-8381577B6DE8}.Release|x64.ActiveCfg = Release|Any CPU
		{A39EC83F-91C0-410E-8BAA-8381577B6DE8}.Release|x64.Build.0 = Release|Any CPU
		{A39EC83F-91C0-410E-8BAA-8381577B6DE8}.Release|x86.ActiveCfg = Release|Any CPU
		{A39EC83F-91C0-410E-8BAA-8381577B6DE8}.Release|x86.Build.0 = Release|Any CPU
		{AB0D0617-EB19-4CA1-B344-BBFECD7A39D0}.Debug|Any CPU.ActiveCfg = Debug|Any CPU
		{AB0D0617-EB19-4CA1-B344-BBFECD7A39D0}.Debug|Any CPU.Build.0 = Debug|Any CPU
		{AB0D0617-EB19-4CA1-B344-BBFECD7A39D0}.Debug|ARM.ActiveCfg = Debug|Any CPU
		{AB0D0617-EB19-4CA1-B344-BBFECD7A39D0}.Debug|ARM.Build.0 = Debug|Any CPU
		{AB0D0617-EB19-4CA1-B344-BBFECD7A39D0}.Debug|x64.ActiveCfg = Debug|Any CPU
		{AB0D0617-EB19-4CA1-B344-BBFECD7A39D0}.Debug|x64.Build.0 = Debug|Any CPU
		{AB0D0617-EB19-4CA1-B344-BBFECD7A39D0}.Debug|x86.ActiveCfg = Debug|Any CPU
		{AB0D0617-EB19-4CA1-B344-BBFECD7A39D0}.Debug|x86.Build.0 = Debug|Any CPU
		{AB0D0617-EB19-4CA1-B344-BBFECD7A39D0}.Release|Any CPU.ActiveCfg = Release|Any CPU
		{AB0D0617-EB19-4CA1-B344-BBFECD7A39D0}.Release|Any CPU.Build.0 = Release|Any CPU
		{AB0D0617-EB19-4CA1-B344-BBFECD7A39D0}.Release|ARM.ActiveCfg = Release|Any CPU
		{AB0D0617-EB19-4CA1-B344-BBFECD7A39D0}.Release|ARM.Build.0 = Release|Any CPU
		{AB0D0617-EB19-4CA1-B344-BBFECD7A39D0}.Release|x64.ActiveCfg = Release|Any CPU
		{AB0D0617-EB19-4CA1-B344-BBFECD7A39D0}.Release|x64.Build.0 = Release|Any CPU
		{AB0D0617-EB19-4CA1-B344-BBFECD7A39D0}.Release|x86.ActiveCfg = Release|Any CPU
		{AB0D0617-EB19-4CA1-B344-BBFECD7A39D0}.Release|x86.Build.0 = Release|Any CPU
		{CB91B6C5-F64D-45C7-906D-3AD2E1C0DFA1}.Debug|Any CPU.ActiveCfg = Debug|Any CPU
		{CB91B6C5-F64D-45C7-906D-3AD2E1C0DFA1}.Debug|Any CPU.Build.0 = Debug|Any CPU
		{CB91B6C5-F64D-45C7-906D-3AD2E1C0DFA1}.Debug|ARM.ActiveCfg = Debug|Any CPU
		{CB91B6C5-F64D-45C7-906D-3AD2E1C0DFA1}.Debug|ARM.Build.0 = Debug|Any CPU
		{CB91B6C5-F64D-45C7-906D-3AD2E1C0DFA1}.Debug|x64.ActiveCfg = Debug|Any CPU
		{CB91B6C5-F64D-45C7-906D-3AD2E1C0DFA1}.Debug|x64.Build.0 = Debug|Any CPU
		{CB91B6C5-F64D-45C7-906D-3AD2E1C0DFA1}.Debug|x86.ActiveCfg = Debug|Any CPU
		{CB91B6C5-F64D-45C7-906D-3AD2E1C0DFA1}.Debug|x86.Build.0 = Debug|Any CPU
		{CB91B6C5-F64D-45C7-906D-3AD2E1C0DFA1}.Release|Any CPU.ActiveCfg = Release|Any CPU
		{CB91B6C5-F64D-45C7-906D-3AD2E1C0DFA1}.Release|Any CPU.Build.0 = Release|Any CPU
		{CB91B6C5-F64D-45C7-906D-3AD2E1C0DFA1}.Release|ARM.ActiveCfg = Release|Any CPU
		{CB91B6C5-F64D-45C7-906D-3AD2E1C0DFA1}.Release|ARM.Build.0 = Release|Any CPU
		{CB91B6C5-F64D-45C7-906D-3AD2E1C0DFA1}.Release|x64.ActiveCfg = Release|Any CPU
		{CB91B6C5-F64D-45C7-906D-3AD2E1C0DFA1}.Release|x64.Build.0 = Release|Any CPU
		{CB91B6C5-F64D-45C7-906D-3AD2E1C0DFA1}.Release|x86.ActiveCfg = Release|Any CPU
		{CB91B6C5-F64D-45C7-906D-3AD2E1C0DFA1}.Release|x86.Build.0 = Release|Any CPU
		{918F5EB5-FF14-45A2-BD0C-FC9E6391D2A5}.Debug|Any CPU.ActiveCfg = Debug|Any CPU
		{918F5EB5-FF14-45A2-BD0C-FC9E6391D2A5}.Debug|Any CPU.Build.0 = Debug|Any CPU
		{918F5EB5-FF14-45A2-BD0C-FC9E6391D2A5}.Debug|ARM.ActiveCfg = Debug|Any CPU
		{918F5EB5-FF14-45A2-BD0C-FC9E6391D2A5}.Debug|ARM.Build.0 = Debug|Any CPU
		{918F5EB5-FF14-45A2-BD0C-FC9E6391D2A5}.Debug|x64.ActiveCfg = Debug|Any CPU
		{918F5EB5-FF14-45A2-BD0C-FC9E6391D2A5}.Debug|x64.Build.0 = Debug|Any CPU
		{918F5EB5-FF14-45A2-BD0C-FC9E6391D2A5}.Debug|x86.ActiveCfg = Debug|Any CPU
		{918F5EB5-FF14-45A2-BD0C-FC9E6391D2A5}.Debug|x86.Build.0 = Debug|Any CPU
		{918F5EB5-FF14-45A2-BD0C-FC9E6391D2A5}.Release|Any CPU.ActiveCfg = Release|Any CPU
		{918F5EB5-FF14-45A2-BD0C-FC9E6391D2A5}.Release|Any CPU.Build.0 = Release|Any CPU
		{918F5EB5-FF14-45A2-BD0C-FC9E6391D2A5}.Release|ARM.ActiveCfg = Release|Any CPU
		{918F5EB5-FF14-45A2-BD0C-FC9E6391D2A5}.Release|ARM.Build.0 = Release|Any CPU
		{918F5EB5-FF14-45A2-BD0C-FC9E6391D2A5}.Release|x64.ActiveCfg = Release|Any CPU
		{918F5EB5-FF14-45A2-BD0C-FC9E6391D2A5}.Release|x64.Build.0 = Release|Any CPU
		{918F5EB5-FF14-45A2-BD0C-FC9E6391D2A5}.Release|x86.ActiveCfg = Release|Any CPU
		{918F5EB5-FF14-45A2-BD0C-FC9E6391D2A5}.Release|x86.Build.0 = Release|Any CPU
		{4BAE381A-6C10-4974-ABAF-94960C048B79}.Debug|Any CPU.ActiveCfg = Debug|Any CPU
		{4BAE381A-6C10-4974-ABAF-94960C048B79}.Debug|Any CPU.Build.0 = Debug|Any CPU
		{4BAE381A-6C10-4974-ABAF-94960C048B79}.Debug|ARM.ActiveCfg = Debug|Any CPU
		{4BAE381A-6C10-4974-ABAF-94960C048B79}.Debug|ARM.Build.0 = Debug|Any CPU
		{4BAE381A-6C10-4974-ABAF-94960C048B79}.Debug|x64.ActiveCfg = Debug|Any CPU
		{4BAE381A-6C10-4974-ABAF-94960C048B79}.Debug|x64.Build.0 = Debug|Any CPU
		{4BAE381A-6C10-4974-ABAF-94960C048B79}.Debug|x86.ActiveCfg = Debug|Any CPU
		{4BAE381A-6C10-4974-ABAF-94960C048B79}.Debug|x86.Build.0 = Debug|Any CPU
		{4BAE381A-6C10-4974-ABAF-94960C048B79}.Release|Any CPU.ActiveCfg = Release|Any CPU
		{4BAE381A-6C10-4974-ABAF-94960C048B79}.Release|Any CPU.Build.0 = Release|Any CPU
		{4BAE381A-6C10-4974-ABAF-94960C048B79}.Release|ARM.ActiveCfg = Release|Any CPU
		{4BAE381A-6C10-4974-ABAF-94960C048B79}.Release|ARM.Build.0 = Release|Any CPU
		{4BAE381A-6C10-4974-ABAF-94960C048B79}.Release|x64.ActiveCfg = Release|Any CPU
		{4BAE381A-6C10-4974-ABAF-94960C048B79}.Release|x64.Build.0 = Release|Any CPU
		{4BAE381A-6C10-4974-ABAF-94960C048B79}.Release|x86.ActiveCfg = Release|Any CPU
		{4BAE381A-6C10-4974-ABAF-94960C048B79}.Release|x86.Build.0 = Release|Any CPU
		{BD52672D-6689-41FE-957C-6B84D18080A3}.Debug|Any CPU.ActiveCfg = Debug|Any CPU
		{BD52672D-6689-41FE-957C-6B84D18080A3}.Debug|Any CPU.Build.0 = Debug|Any CPU
		{BD52672D-6689-41FE-957C-6B84D18080A3}.Debug|ARM.ActiveCfg = Debug|Any CPU
		{BD52672D-6689-41FE-957C-6B84D18080A3}.Debug|ARM.Build.0 = Debug|Any CPU
		{BD52672D-6689-41FE-957C-6B84D18080A3}.Debug|x64.ActiveCfg = Debug|Any CPU
		{BD52672D-6689-41FE-957C-6B84D18080A3}.Debug|x64.Build.0 = Debug|Any CPU
		{BD52672D-6689-41FE-957C-6B84D18080A3}.Debug|x86.ActiveCfg = Debug|Any CPU
		{BD52672D-6689-41FE-957C-6B84D18080A3}.Debug|x86.Build.0 = Debug|Any CPU
		{BD52672D-6689-41FE-957C-6B84D18080A3}.Release|Any CPU.ActiveCfg = Release|Any CPU
		{BD52672D-6689-41FE-957C-6B84D18080A3}.Release|Any CPU.Build.0 = Release|Any CPU
		{BD52672D-6689-41FE-957C-6B84D18080A3}.Release|ARM.ActiveCfg = Release|Any CPU
		{BD52672D-6689-41FE-957C-6B84D18080A3}.Release|ARM.Build.0 = Release|Any CPU
		{BD52672D-6689-41FE-957C-6B84D18080A3}.Release|x64.ActiveCfg = Release|Any CPU
		{BD52672D-6689-41FE-957C-6B84D18080A3}.Release|x64.Build.0 = Release|Any CPU
		{BD52672D-6689-41FE-957C-6B84D18080A3}.Release|x86.ActiveCfg = Release|Any CPU
		{BD52672D-6689-41FE-957C-6B84D18080A3}.Release|x86.Build.0 = Release|Any CPU
		{3B59A589-CA99-46D2-9051-04616DF9762A}.Debug|Any CPU.ActiveCfg = Debug|Any CPU
		{3B59A589-CA99-46D2-9051-04616DF9762A}.Debug|Any CPU.Build.0 = Debug|Any CPU
		{3B59A589-CA99-46D2-9051-04616DF9762A}.Debug|ARM.ActiveCfg = Debug|Any CPU
		{3B59A589-CA99-46D2-9051-04616DF9762A}.Debug|ARM.Build.0 = Debug|Any CPU
		{3B59A589-CA99-46D2-9051-04616DF9762A}.Debug|x64.ActiveCfg = Debug|Any CPU
		{3B59A589-CA99-46D2-9051-04616DF9762A}.Debug|x64.Build.0 = Debug|Any CPU
		{3B59A589-CA99-46D2-9051-04616DF9762A}.Debug|x86.ActiveCfg = Debug|Any CPU
		{3B59A589-CA99-46D2-9051-04616DF9762A}.Debug|x86.Build.0 = Debug|Any CPU
		{3B59A589-CA99-46D2-9051-04616DF9762A}.Release|Any CPU.ActiveCfg = Release|Any CPU
		{3B59A589-CA99-46D2-9051-04616DF9762A}.Release|Any CPU.Build.0 = Release|Any CPU
		{3B59A589-CA99-46D2-9051-04616DF9762A}.Release|ARM.ActiveCfg = Release|Any CPU
		{3B59A589-CA99-46D2-9051-04616DF9762A}.Release|ARM.Build.0 = Release|Any CPU
		{3B59A589-CA99-46D2-9051-04616DF9762A}.Release|x64.ActiveCfg = Release|Any CPU
		{3B59A589-CA99-46D2-9051-04616DF9762A}.Release|x64.Build.0 = Release|Any CPU
		{3B59A589-CA99-46D2-9051-04616DF9762A}.Release|x86.ActiveCfg = Release|Any CPU
		{3B59A589-CA99-46D2-9051-04616DF9762A}.Release|x86.Build.0 = Release|Any CPU
		{D73F477F-C664-4108-A80E-A9789F99E841}.Debug|Any CPU.ActiveCfg = Debug|Any CPU
		{D73F477F-C664-4108-A80E-A9789F99E841}.Debug|Any CPU.Build.0 = Debug|Any CPU
		{D73F477F-C664-4108-A80E-A9789F99E841}.Debug|ARM.ActiveCfg = Debug|Any CPU
		{D73F477F-C664-4108-A80E-A9789F99E841}.Debug|ARM.Build.0 = Debug|Any CPU
		{D73F477F-C664-4108-A80E-A9789F99E841}.Debug|x64.ActiveCfg = Debug|Any CPU
		{D73F477F-C664-4108-A80E-A9789F99E841}.Debug|x64.Build.0 = Debug|Any CPU
		{D73F477F-C664-4108-A80E-A9789F99E841}.Debug|x86.ActiveCfg = Debug|Any CPU
		{D73F477F-C664-4108-A80E-A9789F99E841}.Debug|x86.Build.0 = Debug|Any CPU
		{D73F477F-C664-4108-A80E-A9789F99E841}.Release|Any CPU.ActiveCfg = Release|Any CPU
		{D73F477F-C664-4108-A80E-A9789F99E841}.Release|Any CPU.Build.0 = Release|Any CPU
		{D73F477F-C664-4108-A80E-A9789F99E841}.Release|ARM.ActiveCfg = Release|Any CPU
		{D73F477F-C664-4108-A80E-A9789F99E841}.Release|ARM.Build.0 = Release|Any CPU
		{D73F477F-C664-4108-A80E-A9789F99E841}.Release|x64.ActiveCfg = Release|Any CPU
		{D73F477F-C664-4108-A80E-A9789F99E841}.Release|x64.Build.0 = Release|Any CPU
		{D73F477F-C664-4108-A80E-A9789F99E841}.Release|x86.ActiveCfg = Release|Any CPU
		{D73F477F-C664-4108-A80E-A9789F99E841}.Release|x86.Build.0 = Release|Any CPU
	EndGlobalSection
	GlobalSection(SolutionProperties) = preSolution
		HideSolutionNode = FALSE
	EndGlobalSection
	GlobalSection(NestedProjects) = preSolution
		{EBE8E3C3-DD70-49AA-8E6E-D10D4FA4EE9A} = {E49B538F-AB99-4C52-963C-4F1FA41BB0FC}
		{A39EC83F-91C0-410E-8BAA-8381577B6DE8} = {E49B538F-AB99-4C52-963C-4F1FA41BB0FC}
		{AB0D0617-EB19-4CA1-B344-BBFECD7A39D0} = {E49B538F-AB99-4C52-963C-4F1FA41BB0FC}
		{CB91B6C5-F64D-45C7-906D-3AD2E1C0DFA1} = {E49B538F-AB99-4C52-963C-4F1FA41BB0FC}
		{E49B538F-AB99-4C52-963C-4F1FA41BB0FC} = {FF063A95-22DE-44EA-B2CE-10E5EB6BB49B}
		{918F5EB5-FF14-45A2-BD0C-FC9E6391D2A5} = {FF063A95-22DE-44EA-B2CE-10E5EB6BB49B}
		{4BAE381A-6C10-4974-ABAF-94960C048B79} = {E49B538F-AB99-4C52-963C-4F1FA41BB0FC}
		{BD52672D-6689-41FE-957C-6B84D18080A3} = {E49B538F-AB99-4C52-963C-4F1FA41BB0FC}
		{3B59A589-CA99-46D2-9051-04616DF9762A} = {FF063A95-22DE-44EA-B2CE-10E5EB6BB49B}
		{D73F477F-C664-4108-A80E-A9789F99E841} = {FF063A95-22DE-44EA-B2CE-10E5EB6BB49B}
	EndGlobalSection
	GlobalSection(ExtensibilityGlobals) = postSolution
		SolutionGuid = {B77F566A-7206-4347-BF1D-CC30D860E979}
	EndGlobalSection
EndGlobal
