
Microsoft Visual Studio Solution File, Format Version 12.00
# Visual Studio 15
VisualStudioVersion = 15.0.26228.9
MinimumVisualStudioVersion = 10.0.40219.1
Project("{2150E333-8FDC-42A3-9474-1A3956D46DE8}") = "AppAdministrativo", "AppAdministrativo", "{D13665BD-0BEC-4A99-8B85-AC894F401F25}"
EndProject
Project("{2150E333-8FDC-42A3-9474-1A3956D46DE8}") = "AppAlumno", "AppAlumno", "{0EEE36EA-5296-4859-A0A7-C4F64A88CA46}"
EndProject
Project("{2150E333-8FDC-42A3-9474-1A3956D46DE8}") = "Inscritos", "Inscritos", "{849346FD-3D6B-41D7-A7B8-ADDCFEB1B589}"
EndProject
Project("{2150E333-8FDC-42A3-9474-1A3956D46DE8}") = "Solution Items", "Solution Items", "{6F8C4A28-2F37-49AC-BE45-28ED63B41A85}"
	ProjectSection(SolutionItems) = preProject
		README.md = README.md
	EndProjectSection
EndProject
Project("{2150E333-8FDC-42A3-9474-1A3956D46DE8}") = ".nuget", ".nuget", "{D24F24CC-4F3D-4FC1-A1A7-F2C1476704FC}"
	ProjectSection(SolutionItems) = preProject
		.nuget\NuGet.Config = .nuget\NuGet.Config
		.nuget\NuGet.exe = .nuget\NuGet.exe
		.nuget\NuGet.targets = .nuget\NuGet.targets
	EndProjectSection
EndProject
Project("{FAE04EC0-301F-11D3-BF4B-00C04F79EFBC}") = "SistemaUni", "Inscritos\SistemaUni\SistemaUni.csproj", "{32E64B22-872C-4EBA-AF2B-D6EE57F39622}"
EndProject
Project("{FAE04EC0-301F-11D3-BF4B-00C04F79EFBC}") = "DAL", "Inscritos\DAL\DAL.csproj", "{6E8BB890-A042-4588-B3F7-22186A130CBA}"
EndProject
Project("{FAE04EC0-301F-11D3-BF4B-00C04F79EFBC}") = "BLL", "Inscritos\BLL\BLL.csproj", "{4C838B8D-62D6-4BBD-AB16-D6E710505013}"
EndProject
Project("{FAE04EC0-301F-11D3-BF4B-00C04F79EFBC}") = "DTO", "Inscritos\DTO\DTO.csproj", "{85F92D5D-7EA4-464B-B5C9-EE1DA2BA5A45}"
EndProject
Project("{FAE04EC0-301F-11D3-BF4B-00C04F79EFBC}") = "Herramientas", "Inscritos\Herramientas\Herramientas.csproj", "{CCE5AAE9-EFED-4CE1-8628-429E6A838BF4}"
EndProject
Project("{FAE04EC0-301F-11D3-BF4B-00C04F79EFBC}") = "Reportes", "Inscritos\Reportes\Reportes.csproj", "{55DB2068-754A-46CE-BAEF-4F486BC04233}"
EndProject
Project("{FAE04EC0-301F-11D3-BF4B-00C04F79EFBC}") = "WebServices", "Inscritos\WebServices\WebServices.csproj", "{19FAF7C6-45E5-4CB6-A248-B348A91C07D3}"
EndProject
Project("{FAE04EC0-301F-11D3-BF4B-00C04F79EFBC}") = "Pruebas", "Inscritos\Pruebas\Pruebas.csproj", "{5F29DAC8-A5D0-4F40-8D6F-3697D2350AB0}"
EndProject
Project("{FAE04EC0-301F-11D3-BF4B-00C04F79EFBC}") = "Universidad.BLL", "AppAdministrativo\Universidad.BLL\Universidad.BLL.csproj", "{105F1438-F8B7-4282-8E30-919671C77F82}"
EndProject
Project("{FAE04EC0-301F-11D3-BF4B-00C04F79EFBC}") = "Utilities", "AppAdministrativo\Utilities\Utilities.csproj", "{4A1EEF23-9B4B-49C4-8A98-30EA53D34CF6}"
EndProject
Project("{FAE04EC0-301F-11D3-BF4B-00C04F79EFBC}") = "UI", "AppAdministrativo\WebApp\UI\UI.csproj", "{CB3F127C-44C3-4893-917B-CBC7A0AFBAD7}"
EndProject
Project("{FAE04EC0-301F-11D3-BF4B-00C04F79EFBC}") = "Universidad.DTO", "AppAdministrativo\Universidad.DTO\Universidad.DTO.csproj", "{120FC082-11CC-407A-9DEB-D9B987AA3C89}"
EndProject
Project("{FAE04EC0-301F-11D3-BF4B-00C04F79EFBC}") = "Universidad.DAL", "AppAdministrativo\Universidad.DAL\Universidad.DAL.csproj", "{F0A21E11-6CA6-41BF-956E-345D85A6A3B2}"
EndProject
Project("{FAE04EC0-301F-11D3-BF4B-00C04F79EFBC}") = "UI", "AppAlumno\WebApp\UI\UI.csproj", "{82F22780-86E0-433B-95B2-56B42B34F8A0}"
EndProject
Project("{2150E333-8FDC-42A3-9474-1A3956D46DE8}") = "SICI", "SICI", "{FF063A95-22DE-44EA-B2CE-10E5EB6BB49B}"
EndProject
Project("{FAE04EC0-301F-11D3-BF4B-00C04F79EFBC}") = "BLL", "BLL\BLL.csproj", "{EBE8E3C3-DD70-49AA-8E6E-D10D4FA4EE9A}"
EndProject
Project("{FAE04EC0-301F-11D3-BF4B-00C04F79EFBC}") = "DAL", "DAL\DAL.csproj", "{A39EC83F-91C0-410E-8BAA-8381577B6DE8}"
EndProject
Project("{FAE04EC0-301F-11D3-BF4B-00C04F79EFBC}") = "DTO", "DTO\DTO.csproj", "{AB0D0617-EB19-4CA1-B344-BBFECD7A39D0}"
EndProject
Project("{FAE04EC0-301F-11D3-BF4B-00C04F79EFBC}") = "Herramientas", "Herramientas\Herramientas.csproj", "{CB91B6C5-F64D-45C7-906D-3AD2E1C0DFA1}"
EndProject
Project("{2150E333-8FDC-42A3-9474-1A3956D46DE8}") = "Sources", "Sources", "{E49B538F-AB99-4C52-963C-4F1FA41BB0FC}"
EndProject
Project("{FAE04EC0-301F-11D3-BF4B-00C04F79EFBC}") = "AppAdministrativos", "AppAdministrativos\AppAdministrativos.csproj", "{918F5EB5-FF14-45A2-BD0C-FC9E6391D2A5}"
EndProject
Project("{FAE04EC0-301F-11D3-BF4B-00C04F79EFBC}") = "Reportes", "Reportes\Reportes.csproj", "{4BAE381A-6C10-4974-ABAF-94960C048B79}"
EndProject
Global
	GlobalSection(SolutionConfigurationPlatforms) = preSolution
		Debug|Any CPU = Debug|Any CPU
		Debug|ARM = Debug|ARM
		Debug|x64 = Debug|x64
		Debug|x86 = Debug|x86
		Release|Any CPU = Release|Any CPU
		Release|ARM = Release|ARM
		Release|x64 = Release|x64
		Release|x86 = Release|x86
	EndGlobalSection
	GlobalSection(ProjectConfigurationPlatforms) = postSolution
		{32E64B22-872C-4EBA-AF2B-D6EE57F39622}.Debug|Any CPU.ActiveCfg = Debug|Any CPU
		{32E64B22-872C-4EBA-AF2B-D6EE57F39622}.Debug|Any CPU.Build.0 = Debug|Any CPU
		{32E64B22-872C-4EBA-AF2B-D6EE57F39622}.Debug|ARM.ActiveCfg = Debug|Any CPU
		{32E64B22-872C-4EBA-AF2B-D6EE57F39622}.Debug|ARM.Build.0 = Debug|Any CPU
		{32E64B22-872C-4EBA-AF2B-D6EE57F39622}.Debug|x64.ActiveCfg = Debug|Any CPU
		{32E64B22-872C-4EBA-AF2B-D6EE57F39622}.Debug|x64.Build.0 = Debug|Any CPU
		{32E64B22-872C-4EBA-AF2B-D6EE57F39622}.Debug|x86.ActiveCfg = Debug|Any CPU
		{32E64B22-872C-4EBA-AF2B-D6EE57F39622}.Debug|x86.Build.0 = Debug|Any CPU
		{32E64B22-872C-4EBA-AF2B-D6EE57F39622}.Release|Any CPU.ActiveCfg = Release|Any CPU
		{32E64B22-872C-4EBA-AF2B-D6EE57F39622}.Release|Any CPU.Build.0 = Release|Any CPU
		{32E64B22-872C-4EBA-AF2B-D6EE57F39622}.Release|ARM.ActiveCfg = Release|Any CPU
		{32E64B22-872C-4EBA-AF2B-D6EE57F39622}.Release|ARM.Build.0 = Release|Any CPU
		{32E64B22-872C-4EBA-AF2B-D6EE57F39622}.Release|x64.ActiveCfg = Release|Any CPU
		{32E64B22-872C-4EBA-AF2B-D6EE57F39622}.Release|x64.Build.0 = Release|Any CPU
		{32E64B22-872C-4EBA-AF2B-D6EE57F39622}.Release|x86.ActiveCfg = Release|Any CPU
		{32E64B22-872C-4EBA-AF2B-D6EE57F39622}.Release|x86.Build.0 = Release|Any CPU
		{6E8BB890-A042-4588-B3F7-22186A130CBA}.Debug|Any CPU.ActiveCfg = Debug|Any CPU
		{6E8BB890-A042-4588-B3F7-22186A130CBA}.Debug|Any CPU.Build.0 = Debug|Any CPU
		{6E8BB890-A042-4588-B3F7-22186A130CBA}.Debug|ARM.ActiveCfg = Debug|Any CPU
		{6E8BB890-A042-4588-B3F7-22186A130CBA}.Debug|ARM.Build.0 = Debug|Any CPU
		{6E8BB890-A042-4588-B3F7-22186A130CBA}.Debug|x64.ActiveCfg = Debug|Any CPU
		{6E8BB890-A042-4588-B3F7-22186A130CBA}.Debug|x64.Build.0 = Debug|Any CPU
		{6E8BB890-A042-4588-B3F7-22186A130CBA}.Debug|x86.ActiveCfg = Debug|Any CPU
		{6E8BB890-A042-4588-B3F7-22186A130CBA}.Debug|x86.Build.0 = Debug|Any CPU
		{6E8BB890-A042-4588-B3F7-22186A130CBA}.Release|Any CPU.ActiveCfg = Release|Any CPU
		{6E8BB890-A042-4588-B3F7-22186A130CBA}.Release|Any CPU.Build.0 = Release|Any CPU
		{6E8BB890-A042-4588-B3F7-22186A130CBA}.Release|ARM.ActiveCfg = Release|Any CPU
		{6E8BB890-A042-4588-B3F7-22186A130CBA}.Release|ARM.Build.0 = Release|Any CPU
		{6E8BB890-A042-4588-B3F7-22186A130CBA}.Release|x64.ActiveCfg = Release|Any CPU
		{6E8BB890-A042-4588-B3F7-22186A130CBA}.Release|x64.Build.0 = Release|Any CPU
		{6E8BB890-A042-4588-B3F7-22186A130CBA}.Release|x86.ActiveCfg = Release|Any CPU
		{6E8BB890-A042-4588-B3F7-22186A130CBA}.Release|x86.Build.0 = Release|Any CPU
		{4C838B8D-62D6-4BBD-AB16-D6E710505013}.Debug|Any CPU.ActiveCfg = Debug|Any CPU
		{4C838B8D-62D6-4BBD-AB16-D6E710505013}.Debug|Any CPU.Build.0 = Debug|Any CPU
		{4C838B8D-62D6-4BBD-AB16-D6E710505013}.Debug|ARM.ActiveCfg = Debug|Any CPU
		{4C838B8D-62D6-4BBD-AB16-D6E710505013}.Debug|ARM.Build.0 = Debug|Any CPU
		{4C838B8D-62D6-4BBD-AB16-D6E710505013}.Debug|x64.ActiveCfg = Debug|Any CPU
		{4C838B8D-62D6-4BBD-AB16-D6E710505013}.Debug|x64.Build.0 = Debug|Any CPU
		{4C838B8D-62D6-4BBD-AB16-D6E710505013}.Debug|x86.ActiveCfg = Debug|Any CPU
		{4C838B8D-62D6-4BBD-AB16-D6E710505013}.Debug|x86.Build.0 = Debug|Any CPU
		{4C838B8D-62D6-4BBD-AB16-D6E710505013}.Release|Any CPU.ActiveCfg = Release|Any CPU
		{4C838B8D-62D6-4BBD-AB16-D6E710505013}.Release|Any CPU.Build.0 = Release|Any CPU
		{4C838B8D-62D6-4BBD-AB16-D6E710505013}.Release|ARM.ActiveCfg = Release|Any CPU
		{4C838B8D-62D6-4BBD-AB16-D6E710505013}.Release|ARM.Build.0 = Release|Any CPU
		{4C838B8D-62D6-4BBD-AB16-D6E710505013}.Release|x64.ActiveCfg = Release|Any CPU
		{4C838B8D-62D6-4BBD-AB16-D6E710505013}.Release|x64.Build.0 = Release|Any CPU
		{4C838B8D-62D6-4BBD-AB16-D6E710505013}.Release|x86.ActiveCfg = Release|Any CPU
		{4C838B8D-62D6-4BBD-AB16-D6E710505013}.Release|x86.Build.0 = Release|Any CPU
		{85F92D5D-7EA4-464B-B5C9-EE1DA2BA5A45}.Debug|Any CPU.ActiveCfg = Debug|Any CPU
		{85F92D5D-7EA4-464B-B5C9-EE1DA2BA5A45}.Debug|Any CPU.Build.0 = Debug|Any CPU
		{85F92D5D-7EA4-464B-B5C9-EE1DA2BA5A45}.Debug|ARM.ActiveCfg = Debug|Any CPU
		{85F92D5D-7EA4-464B-B5C9-EE1DA2BA5A45}.Debug|ARM.Build.0 = Debug|Any CPU
		{85F92D5D-7EA4-464B-B5C9-EE1DA2BA5A45}.Debug|x64.ActiveCfg = Debug|Any CPU
		{85F92D5D-7EA4-464B-B5C9-EE1DA2BA5A45}.Debug|x64.Build.0 = Debug|Any CPU
		{85F92D5D-7EA4-464B-B5C9-EE1DA2BA5A45}.Debug|x86.ActiveCfg = Debug|Any CPU
		{85F92D5D-7EA4-464B-B5C9-EE1DA2BA5A45}.Debug|x86.Build.0 = Debug|Any CPU
		{85F92D5D-7EA4-464B-B5C9-EE1DA2BA5A45}.Release|Any CPU.ActiveCfg = Release|Any CPU
		{85F92D5D-7EA4-464B-B5C9-EE1DA2BA5A45}.Release|Any CPU.Build.0 = Release|Any CPU
		{85F92D5D-7EA4-464B-B5C9-EE1DA2BA5A45}.Release|ARM.ActiveCfg = Release|Any CPU
		{85F92D5D-7EA4-464B-B5C9-EE1DA2BA5A45}.Release|ARM.Build.0 = Release|Any CPU
		{85F92D5D-7EA4-464B-B5C9-EE1DA2BA5A45}.Release|x64.ActiveCfg = Release|Any CPU
		{85F92D5D-7EA4-464B-B5C9-EE1DA2BA5A45}.Release|x64.Build.0 = Release|Any CPU
		{85F92D5D-7EA4-464B-B5C9-EE1DA2BA5A45}.Release|x86.ActiveCfg = Release|Any CPU
		{85F92D5D-7EA4-464B-B5C9-EE1DA2BA5A45}.Release|x86.Build.0 = Release|Any CPU
		{CCE5AAE9-EFED-4CE1-8628-429E6A838BF4}.Debug|Any CPU.ActiveCfg = Debug|Any CPU
		{CCE5AAE9-EFED-4CE1-8628-429E6A838BF4}.Debug|Any CPU.Build.0 = Debug|Any CPU
		{CCE5AAE9-EFED-4CE1-8628-429E6A838BF4}.Debug|ARM.ActiveCfg = Debug|Any CPU
		{CCE5AAE9-EFED-4CE1-8628-429E6A838BF4}.Debug|ARM.Build.0 = Debug|Any CPU
		{CCE5AAE9-EFED-4CE1-8628-429E6A838BF4}.Debug|x64.ActiveCfg = Debug|Any CPU
		{CCE5AAE9-EFED-4CE1-8628-429E6A838BF4}.Debug|x64.Build.0 = Debug|Any CPU
		{CCE5AAE9-EFED-4CE1-8628-429E6A838BF4}.Debug|x86.ActiveCfg = Debug|Any CPU
		{CCE5AAE9-EFED-4CE1-8628-429E6A838BF4}.Debug|x86.Build.0 = Debug|Any CPU
		{CCE5AAE9-EFED-4CE1-8628-429E6A838BF4}.Release|Any CPU.ActiveCfg = Release|Any CPU
		{CCE5AAE9-EFED-4CE1-8628-429E6A838BF4}.Release|Any CPU.Build.0 = Release|Any CPU
		{CCE5AAE9-EFED-4CE1-8628-429E6A838BF4}.Release|ARM.ActiveCfg = Release|Any CPU
		{CCE5AAE9-EFED-4CE1-8628-429E6A838BF4}.Release|ARM.Build.0 = Release|Any CPU
		{CCE5AAE9-EFED-4CE1-8628-429E6A838BF4}.Release|x64.ActiveCfg = Release|Any CPU
		{CCE5AAE9-EFED-4CE1-8628-429E6A838BF4}.Release|x64.Build.0 = Release|Any CPU
		{CCE5AAE9-EFED-4CE1-8628-429E6A838BF4}.Release|x86.ActiveCfg = Release|Any CPU
		{CCE5AAE9-EFED-4CE1-8628-429E6A838BF4}.Release|x86.Build.0 = Release|Any CPU
		{55DB2068-754A-46CE-BAEF-4F486BC04233}.Debug|Any CPU.ActiveCfg = Debug|Any CPU
		{55DB2068-754A-46CE-BAEF-4F486BC04233}.Debug|Any CPU.Build.0 = Debug|Any CPU
		{55DB2068-754A-46CE-BAEF-4F486BC04233}.Debug|ARM.ActiveCfg = Debug|Any CPU
		{55DB2068-754A-46CE-BAEF-4F486BC04233}.Debug|ARM.Build.0 = Debug|Any CPU
		{55DB2068-754A-46CE-BAEF-4F486BC04233}.Debug|x64.ActiveCfg = Debug|Any CPU
		{55DB2068-754A-46CE-BAEF-4F486BC04233}.Debug|x64.Build.0 = Debug|Any CPU
		{55DB2068-754A-46CE-BAEF-4F486BC04233}.Debug|x86.ActiveCfg = Debug|Any CPU
		{55DB2068-754A-46CE-BAEF-4F486BC04233}.Debug|x86.Build.0 = Debug|Any CPU
		{55DB2068-754A-46CE-BAEF-4F486BC04233}.Release|Any CPU.ActiveCfg = Release|Any CPU
		{55DB2068-754A-46CE-BAEF-4F486BC04233}.Release|Any CPU.Build.0 = Release|Any CPU
		{55DB2068-754A-46CE-BAEF-4F486BC04233}.Release|ARM.ActiveCfg = Release|Any CPU
		{55DB2068-754A-46CE-BAEF-4F486BC04233}.Release|ARM.Build.0 = Release|Any CPU
		{55DB2068-754A-46CE-BAEF-4F486BC04233}.Release|x64.ActiveCfg = Release|Any CPU
		{55DB2068-754A-46CE-BAEF-4F486BC04233}.Release|x64.Build.0 = Release|Any CPU
		{55DB2068-754A-46CE-BAEF-4F486BC04233}.Release|x86.ActiveCfg = Release|Any CPU
		{55DB2068-754A-46CE-BAEF-4F486BC04233}.Release|x86.Build.0 = Release|Any CPU
		{19FAF7C6-45E5-4CB6-A248-B348A91C07D3}.Debug|Any CPU.ActiveCfg = Debug|Any CPU
		{19FAF7C6-45E5-4CB6-A248-B348A91C07D3}.Debug|Any CPU.Build.0 = Debug|Any CPU
		{19FAF7C6-45E5-4CB6-A248-B348A91C07D3}.Debug|ARM.ActiveCfg = Debug|Any CPU
		{19FAF7C6-45E5-4CB6-A248-B348A91C07D3}.Debug|ARM.Build.0 = Debug|Any CPU
		{19FAF7C6-45E5-4CB6-A248-B348A91C07D3}.Debug|x64.ActiveCfg = Debug|Any CPU
		{19FAF7C6-45E5-4CB6-A248-B348A91C07D3}.Debug|x64.Build.0 = Debug|Any CPU
		{19FAF7C6-45E5-4CB6-A248-B348A91C07D3}.Debug|x86.ActiveCfg = Debug|Any CPU
		{19FAF7C6-45E5-4CB6-A248-B348A91C07D3}.Debug|x86.Build.0 = Debug|Any CPU
		{19FAF7C6-45E5-4CB6-A248-B348A91C07D3}.Release|Any CPU.ActiveCfg = Release|Any CPU
		{19FAF7C6-45E5-4CB6-A248-B348A91C07D3}.Release|Any CPU.Build.0 = Release|Any CPU
		{19FAF7C6-45E5-4CB6-A248-B348A91C07D3}.Release|ARM.ActiveCfg = Release|Any CPU
		{19FAF7C6-45E5-4CB6-A248-B348A91C07D3}.Release|ARM.Build.0 = Release|Any CPU
		{19FAF7C6-45E5-4CB6-A248-B348A91C07D3}.Release|x64.ActiveCfg = Release|Any CPU
		{19FAF7C6-45E5-4CB6-A248-B348A91C07D3}.Release|x64.Build.0 = Release|Any CPU
		{19FAF7C6-45E5-4CB6-A248-B348A91C07D3}.Release|x86.ActiveCfg = Release|Any CPU
		{19FAF7C6-45E5-4CB6-A248-B348A91C07D3}.Release|x86.Build.0 = Release|Any CPU
		{5F29DAC8-A5D0-4F40-8D6F-3697D2350AB0}.Debug|Any CPU.ActiveCfg = Debug|Any CPU
		{5F29DAC8-A5D0-4F40-8D6F-3697D2350AB0}.Debug|Any CPU.Build.0 = Debug|Any CPU
		{5F29DAC8-A5D0-4F40-8D6F-3697D2350AB0}.Debug|ARM.ActiveCfg = Debug|Any CPU
		{5F29DAC8-A5D0-4F40-8D6F-3697D2350AB0}.Debug|ARM.Build.0 = Debug|Any CPU
		{5F29DAC8-A5D0-4F40-8D6F-3697D2350AB0}.Debug|x64.ActiveCfg = Debug|Any CPU
		{5F29DAC8-A5D0-4F40-8D6F-3697D2350AB0}.Debug|x64.Build.0 = Debug|Any CPU
		{5F29DAC8-A5D0-4F40-8D6F-3697D2350AB0}.Debug|x86.ActiveCfg = Debug|Any CPU
		{5F29DAC8-A5D0-4F40-8D6F-3697D2350AB0}.Debug|x86.Build.0 = Debug|Any CPU
		{5F29DAC8-A5D0-4F40-8D6F-3697D2350AB0}.Release|Any CPU.ActiveCfg = Release|Any CPU
		{5F29DAC8-A5D0-4F40-8D6F-3697D2350AB0}.Release|Any CPU.Build.0 = Release|Any CPU
		{5F29DAC8-A5D0-4F40-8D6F-3697D2350AB0}.Release|ARM.ActiveCfg = Release|Any CPU
		{5F29DAC8-A5D0-4F40-8D6F-3697D2350AB0}.Release|ARM.Build.0 = Release|Any CPU
		{5F29DAC8-A5D0-4F40-8D6F-3697D2350AB0}.Release|x64.ActiveCfg = Release|Any CPU
		{5F29DAC8-A5D0-4F40-8D6F-3697D2350AB0}.Release|x64.Build.0 = Release|Any CPU
		{5F29DAC8-A5D0-4F40-8D6F-3697D2350AB0}.Release|x86.ActiveCfg = Release|Any CPU
		{5F29DAC8-A5D0-4F40-8D6F-3697D2350AB0}.Release|x86.Build.0 = Release|Any CPU
		{105F1438-F8B7-4282-8E30-919671C77F82}.Debug|Any CPU.ActiveCfg = Debug|Any CPU
		{105F1438-F8B7-4282-8E30-919671C77F82}.Debug|Any CPU.Build.0 = Debug|Any CPU
		{105F1438-F8B7-4282-8E30-919671C77F82}.Debug|ARM.ActiveCfg = Debug|Any CPU
		{105F1438-F8B7-4282-8E30-919671C77F82}.Debug|ARM.Build.0 = Debug|Any CPU
		{105F1438-F8B7-4282-8E30-919671C77F82}.Debug|x64.ActiveCfg = Debug|Any CPU
		{105F1438-F8B7-4282-8E30-919671C77F82}.Debug|x64.Build.0 = Debug|Any CPU
		{105F1438-F8B7-4282-8E30-919671C77F82}.Debug|x86.ActiveCfg = Debug|Any CPU
		{105F1438-F8B7-4282-8E30-919671C77F82}.Debug|x86.Build.0 = Debug|Any CPU
		{105F1438-F8B7-4282-8E30-919671C77F82}.Release|Any CPU.ActiveCfg = Release|Any CPU
		{105F1438-F8B7-4282-8E30-919671C77F82}.Release|Any CPU.Build.0 = Release|Any CPU
		{105F1438-F8B7-4282-8E30-919671C77F82}.Release|ARM.ActiveCfg = Release|Any CPU
		{105F1438-F8B7-4282-8E30-919671C77F82}.Release|ARM.Build.0 = Release|Any CPU
		{105F1438-F8B7-4282-8E30-919671C77F82}.Release|x64.ActiveCfg = Release|Any CPU
		{105F1438-F8B7-4282-8E30-919671C77F82}.Release|x64.Build.0 = Release|Any CPU
		{105F1438-F8B7-4282-8E30-919671C77F82}.Release|x86.ActiveCfg = Release|Any CPU
		{105F1438-F8B7-4282-8E30-919671C77F82}.Release|x86.Build.0 = Release|Any CPU
		{4A1EEF23-9B4B-49C4-8A98-30EA53D34CF6}.Debug|Any CPU.ActiveCfg = Debug|Any CPU
		{4A1EEF23-9B4B-49C4-8A98-30EA53D34CF6}.Debug|Any CPU.Build.0 = Debug|Any CPU
		{4A1EEF23-9B4B-49C4-8A98-30EA53D34CF6}.Debug|ARM.ActiveCfg = Debug|Any CPU
		{4A1EEF23-9B4B-49C4-8A98-30EA53D34CF6}.Debug|ARM.Build.0 = Debug|Any CPU
		{4A1EEF23-9B4B-49C4-8A98-30EA53D34CF6}.Debug|x64.ActiveCfg = Debug|Any CPU
		{4A1EEF23-9B4B-49C4-8A98-30EA53D34CF6}.Debug|x64.Build.0 = Debug|Any CPU
		{4A1EEF23-9B4B-49C4-8A98-30EA53D34CF6}.Debug|x86.ActiveCfg = Debug|Any CPU
		{4A1EEF23-9B4B-49C4-8A98-30EA53D34CF6}.Debug|x86.Build.0 = Debug|Any CPU
		{4A1EEF23-9B4B-49C4-8A98-30EA53D34CF6}.Release|Any CPU.ActiveCfg = Release|Any CPU
		{4A1EEF23-9B4B-49C4-8A98-30EA53D34CF6}.Release|Any CPU.Build.0 = Release|Any CPU
		{4A1EEF23-9B4B-49C4-8A98-30EA53D34CF6}.Release|ARM.ActiveCfg = Release|Any CPU
		{4A1EEF23-9B4B-49C4-8A98-30EA53D34CF6}.Release|ARM.Build.0 = Release|Any CPU
		{4A1EEF23-9B4B-49C4-8A98-30EA53D34CF6}.Release|x64.ActiveCfg = Release|Any CPU
		{4A1EEF23-9B4B-49C4-8A98-30EA53D34CF6}.Release|x64.Build.0 = Release|Any CPU
		{4A1EEF23-9B4B-49C4-8A98-30EA53D34CF6}.Release|x86.ActiveCfg = Release|Any CPU
		{4A1EEF23-9B4B-49C4-8A98-30EA53D34CF6}.Release|x86.Build.0 = Release|Any CPU
		{CB3F127C-44C3-4893-917B-CBC7A0AFBAD7}.Debug|Any CPU.ActiveCfg = Debug|Any CPU
		{CB3F127C-44C3-4893-917B-CBC7A0AFBAD7}.Debug|Any CPU.Build.0 = Debug|Any CPU
		{CB3F127C-44C3-4893-917B-CBC7A0AFBAD7}.Debug|ARM.ActiveCfg = Debug|Any CPU
		{CB3F127C-44C3-4893-917B-CBC7A0AFBAD7}.Debug|ARM.Build.0 = Debug|Any CPU
		{CB3F127C-44C3-4893-917B-CBC7A0AFBAD7}.Debug|x64.ActiveCfg = Debug|Any CPU
		{CB3F127C-44C3-4893-917B-CBC7A0AFBAD7}.Debug|x64.Build.0 = Debug|Any CPU
		{CB3F127C-44C3-4893-917B-CBC7A0AFBAD7}.Debug|x86.ActiveCfg = Debug|Any CPU
		{CB3F127C-44C3-4893-917B-CBC7A0AFBAD7}.Debug|x86.Build.0 = Debug|Any CPU
		{CB3F127C-44C3-4893-917B-CBC7A0AFBAD7}.Release|Any CPU.ActiveCfg = Release|Any CPU
		{CB3F127C-44C3-4893-917B-CBC7A0AFBAD7}.Release|Any CPU.Build.0 = Release|Any CPU
		{CB3F127C-44C3-4893-917B-CBC7A0AFBAD7}.Release|ARM.ActiveCfg = Release|Any CPU
		{CB3F127C-44C3-4893-917B-CBC7A0AFBAD7}.Release|ARM.Build.0 = Release|Any CPU
		{CB3F127C-44C3-4893-917B-CBC7A0AFBAD7}.Release|x64.ActiveCfg = Release|Any CPU
		{CB3F127C-44C3-4893-917B-CBC7A0AFBAD7}.Release|x64.Build.0 = Release|Any CPU
		{CB3F127C-44C3-4893-917B-CBC7A0AFBAD7}.Release|x86.ActiveCfg = Release|Any CPU
		{CB3F127C-44C3-4893-917B-CBC7A0AFBAD7}.Release|x86.Build.0 = Release|Any CPU
		{120FC082-11CC-407A-9DEB-D9B987AA3C89}.Debug|Any CPU.ActiveCfg = Debug|Any CPU
		{120FC082-11CC-407A-9DEB-D9B987AA3C89}.Debug|Any CPU.Build.0 = Debug|Any CPU
		{120FC082-11CC-407A-9DEB-D9B987AA3C89}.Debug|ARM.ActiveCfg = Debug|Any CPU
		{120FC082-11CC-407A-9DEB-D9B987AA3C89}.Debug|ARM.Build.0 = Debug|Any CPU
		{120FC082-11CC-407A-9DEB-D9B987AA3C89}.Debug|x64.ActiveCfg = Debug|Any CPU
		{120FC082-11CC-407A-9DEB-D9B987AA3C89}.Debug|x64.Build.0 = Debug|Any CPU
		{120FC082-11CC-407A-9DEB-D9B987AA3C89}.Debug|x86.ActiveCfg = Debug|Any CPU
		{120FC082-11CC-407A-9DEB-D9B987AA3C89}.Debug|x86.Build.0 = Debug|Any CPU
		{120FC082-11CC-407A-9DEB-D9B987AA3C89}.Release|Any CPU.ActiveCfg = Release|Any CPU
		{120FC082-11CC-407A-9DEB-D9B987AA3C89}.Release|Any CPU.Build.0 = Release|Any CPU
		{120FC082-11CC-407A-9DEB-D9B987AA3C89}.Release|ARM.ActiveCfg = Release|Any CPU
		{120FC082-11CC-407A-9DEB-D9B987AA3C89}.Release|ARM.Build.0 = Release|Any CPU
		{120FC082-11CC-407A-9DEB-D9B987AA3C89}.Release|x64.ActiveCfg = Release|Any CPU
		{120FC082-11CC-407A-9DEB-D9B987AA3C89}.Release|x64.Build.0 = Release|Any CPU
		{120FC082-11CC-407A-9DEB-D9B987AA3C89}.Release|x86.ActiveCfg = Release|Any CPU
		{120FC082-11CC-407A-9DEB-D9B987AA3C89}.Release|x86.Build.0 = Release|Any CPU
		{F0A21E11-6CA6-41BF-956E-345D85A6A3B2}.Debug|Any CPU.ActiveCfg = Debug|Any CPU
		{F0A21E11-6CA6-41BF-956E-345D85A6A3B2}.Debug|Any CPU.Build.0 = Debug|Any CPU
		{F0A21E11-6CA6-41BF-956E-345D85A6A3B2}.Debug|ARM.ActiveCfg = Debug|Any CPU
		{F0A21E11-6CA6-41BF-956E-345D85A6A3B2}.Debug|ARM.Build.0 = Debug|Any CPU
		{F0A21E11-6CA6-41BF-956E-345D85A6A3B2}.Debug|x64.ActiveCfg = Debug|Any CPU
		{F0A21E11-6CA6-41BF-956E-345D85A6A3B2}.Debug|x64.Build.0 = Debug|Any CPU
		{F0A21E11-6CA6-41BF-956E-345D85A6A3B2}.Debug|x86.ActiveCfg = Debug|Any CPU
		{F0A21E11-6CA6-41BF-956E-345D85A6A3B2}.Debug|x86.Build.0 = Debug|Any CPU
		{F0A21E11-6CA6-41BF-956E-345D85A6A3B2}.Release|Any CPU.ActiveCfg = Release|Any CPU
		{F0A21E11-6CA6-41BF-956E-345D85A6A3B2}.Release|Any CPU.Build.0 = Release|Any CPU
		{F0A21E11-6CA6-41BF-956E-345D85A6A3B2}.Release|ARM.ActiveCfg = Release|Any CPU
		{F0A21E11-6CA6-41BF-956E-345D85A6A3B2}.Release|ARM.Build.0 = Release|Any CPU
		{F0A21E11-6CA6-41BF-956E-345D85A6A3B2}.Release|x64.ActiveCfg = Release|Any CPU
		{F0A21E11-6CA6-41BF-956E-345D85A6A3B2}.Release|x64.Build.0 = Release|Any CPU
		{F0A21E11-6CA6-41BF-956E-345D85A6A3B2}.Release|x86.ActiveCfg = Release|Any CPU
		{F0A21E11-6CA6-41BF-956E-345D85A6A3B2}.Release|x86.Build.0 = Release|Any CPU
		{82F22780-86E0-433B-95B2-56B42B34F8A0}.Debug|Any CPU.ActiveCfg = Debug|Any CPU
		{82F22780-86E0-433B-95B2-56B42B34F8A0}.Debug|Any CPU.Build.0 = Debug|Any CPU
		{82F22780-86E0-433B-95B2-56B42B34F8A0}.Debug|ARM.ActiveCfg = Debug|Any CPU
		{82F22780-86E0-433B-95B2-56B42B34F8A0}.Debug|ARM.Build.0 = Debug|Any CPU
		{82F22780-86E0-433B-95B2-56B42B34F8A0}.Debug|x64.ActiveCfg = Debug|Any CPU
		{82F22780-86E0-433B-95B2-56B42B34F8A0}.Debug|x64.Build.0 = Debug|Any CPU
		{82F22780-86E0-433B-95B2-56B42B34F8A0}.Debug|x86.ActiveCfg = Debug|Any CPU
		{82F22780-86E0-433B-95B2-56B42B34F8A0}.Debug|x86.Build.0 = Debug|Any CPU
		{82F22780-86E0-433B-95B2-56B42B34F8A0}.Release|Any CPU.ActiveCfg = Release|Any CPU
		{82F22780-86E0-433B-95B2-56B42B34F8A0}.Release|Any CPU.Build.0 = Release|Any CPU
		{82F22780-86E0-433B-95B2-56B42B34F8A0}.Release|ARM.ActiveCfg = Release|Any CPU
		{82F22780-86E0-433B-95B2-56B42B34F8A0}.Release|ARM.Build.0 = Release|Any CPU
		{82F22780-86E0-433B-95B2-56B42B34F8A0}.Release|x64.ActiveCfg = Release|Any CPU
		{82F22780-86E0-433B-95B2-56B42B34F8A0}.Release|x64.Build.0 = Release|Any CPU
		{82F22780-86E0-433B-95B2-56B42B34F8A0}.Release|x86.ActiveCfg = Release|Any CPU
		{82F22780-86E0-433B-95B2-56B42B34F8A0}.Release|x86.Build.0 = Release|Any CPU
		{EBE8E3C3-DD70-49AA-8E6E-D10D4FA4EE9A}.Debug|Any CPU.ActiveCfg = Debug|Any CPU
		{EBE8E3C3-DD70-49AA-8E6E-D10D4FA4EE9A}.Debug|Any CPU.Build.0 = Debug|Any CPU
		{EBE8E3C3-DD70-49AA-8E6E-D10D4FA4EE9A}.Debug|ARM.ActiveCfg = Debug|Any CPU
		{EBE8E3C3-DD70-49AA-8E6E-D10D4FA4EE9A}.Debug|ARM.Build.0 = Debug|Any CPU
		{EBE8E3C3-DD70-49AA-8E6E-D10D4FA4EE9A}.Debug|x64.ActiveCfg = Debug|Any CPU
		{EBE8E3C3-DD70-49AA-8E6E-D10D4FA4EE9A}.Debug|x64.Build.0 = Debug|Any CPU
		{EBE8E3C3-DD70-49AA-8E6E-D10D4FA4EE9A}.Debug|x86.ActiveCfg = Debug|Any CPU
		{EBE8E3C3-DD70-49AA-8E6E-D10D4FA4EE9A}.Debug|x86.Build.0 = Debug|Any CPU
		{EBE8E3C3-DD70-49AA-8E6E-D10D4FA4EE9A}.Release|Any CPU.ActiveCfg = Release|Any CPU
		{EBE8E3C3-DD70-49AA-8E6E-D10D4FA4EE9A}.Release|Any CPU.Build.0 = Release|Any CPU
		{EBE8E3C3-DD70-49AA-8E6E-D10D4FA4EE9A}.Release|ARM.ActiveCfg = Release|Any CPU
		{EBE8E3C3-DD70-49AA-8E6E-D10D4FA4EE9A}.Release|ARM.Build.0 = Release|Any CPU
		{EBE8E3C3-DD70-49AA-8E6E-D10D4FA4EE9A}.Release|x64.ActiveCfg = Release|Any CPU
		{EBE8E3C3-DD70-49AA-8E6E-D10D4FA4EE9A}.Release|x64.Build.0 = Release|Any CPU
		{EBE8E3C3-DD70-49AA-8E6E-D10D4FA4EE9A}.Release|x86.ActiveCfg = Release|Any CPU
		{EBE8E3C3-DD70-49AA-8E6E-D10D4FA4EE9A}.Release|x86.Build.0 = Release|Any CPU
		{A39EC83F-91C0-410E-8BAA-8381577B6DE8}.Debug|Any CPU.ActiveCfg = Debug|Any CPU
		{A39EC83F-91C0-410E-8BAA-8381577B6DE8}.Debug|Any CPU.Build.0 = Debug|Any CPU
		{A39EC83F-91C0-410E-8BAA-8381577B6DE8}.Debug|ARM.ActiveCfg = Debug|Any CPU
		{A39EC83F-91C0-410E-8BAA-8381577B6DE8}.Debug|ARM.Build.0 = Debug|Any CPU
		{A39EC83F-91C0-410E-8BAA-8381577B6DE8}.Debug|x64.ActiveCfg = Debug|Any CPU
		{A39EC83F-91C0-410E-8BAA-8381577B6DE8}.Debug|x64.Build.0 = Debug|Any CPU
		{A39EC83F-91C0-410E-8BAA-8381577B6DE8}.Debug|x86.ActiveCfg = Debug|Any CPU
		{A39EC83F-91C0-410E-8BAA-8381577B6DE8}.Debug|x86.Build.0 = Debug|Any CPU
		{A39EC83F-91C0-410E-8BAA-8381577B6DE8}.Release|Any CPU.ActiveCfg = Release|Any CPU
		{A39EC83F-91C0-410E-8BAA-8381577B6DE8}.Release|Any CPU.Build.0 = Release|Any CPU
		{A39EC83F-91C0-410E-8BAA-8381577B6DE8}.Release|ARM.ActiveCfg = Release|Any CPU
		{A39EC83F-91C0-410E-8BAA-8381577B6DE8}.Release|ARM.Build.0 = Release|Any CPU
		{A39EC83F-91C0-410E-8BAA-8381577B6DE8}.Release|x64.ActiveCfg = Release|Any CPU
		{A39EC83F-91C0-410E-8BAA-8381577B6DE8}.Release|x64.Build.0 = Release|Any CPU
		{A39EC83F-91C0-410E-8BAA-8381577B6DE8}.Release|x86.ActiveCfg = Release|Any CPU
		{A39EC83F-91C0-410E-8BAA-8381577B6DE8}.Release|x86.Build.0 = Release|Any CPU
		{AB0D0617-EB19-4CA1-B344-BBFECD7A39D0}.Debug|Any CPU.ActiveCfg = Debug|Any CPU
		{AB0D0617-EB19-4CA1-B344-BBFECD7A39D0}.Debug|Any CPU.Build.0 = Debug|Any CPU
		{AB0D0617-EB19-4CA1-B344-BBFECD7A39D0}.Debug|ARM.ActiveCfg = Debug|Any CPU
		{AB0D0617-EB19-4CA1-B344-BBFECD7A39D0}.Debug|ARM.Build.0 = Debug|Any CPU
		{AB0D0617-EB19-4CA1-B344-BBFECD7A39D0}.Debug|x64.ActiveCfg = Debug|Any CPU
		{AB0D0617-EB19-4CA1-B344-BBFECD7A39D0}.Debug|x64.Build.0 = Debug|Any CPU
		{AB0D0617-EB19-4CA1-B344-BBFECD7A39D0}.Debug|x86.ActiveCfg = Debug|Any CPU
		{AB0D0617-EB19-4CA1-B344-BBFECD7A39D0}.Debug|x86.Build.0 = Debug|Any CPU
		{AB0D0617-EB19-4CA1-B344-BBFECD7A39D0}.Release|Any CPU.ActiveCfg = Release|Any CPU
		{AB0D0617-EB19-4CA1-B344-BBFECD7A39D0}.Release|Any CPU.Build.0 = Release|Any CPU
		{AB0D0617-EB19-4CA1-B344-BBFECD7A39D0}.Release|ARM.ActiveCfg = Release|Any CPU
		{AB0D0617-EB19-4CA1-B344-BBFECD7A39D0}.Release|ARM.Build.0 = Release|Any CPU
		{AB0D0617-EB19-4CA1-B344-BBFECD7A39D0}.Release|x64.ActiveCfg = Release|Any CPU
		{AB0D0617-EB19-4CA1-B344-BBFECD7A39D0}.Release|x64.Build.0 = Release|Any CPU
		{AB0D0617-EB19-4CA1-B344-BBFECD7A39D0}.Release|x86.ActiveCfg = Release|Any CPU
		{AB0D0617-EB19-4CA1-B344-BBFECD7A39D0}.Release|x86.Build.0 = Release|Any CPU
		{CB91B6C5-F64D-45C7-906D-3AD2E1C0DFA1}.Debug|Any CPU.ActiveCfg = Debug|Any CPU
		{CB91B6C5-F64D-45C7-906D-3AD2E1C0DFA1}.Debug|Any CPU.Build.0 = Debug|Any CPU
		{CB91B6C5-F64D-45C7-906D-3AD2E1C0DFA1}.Debug|ARM.ActiveCfg = Debug|Any CPU
		{CB91B6C5-F64D-45C7-906D-3AD2E1C0DFA1}.Debug|ARM.Build.0 = Debug|Any CPU
		{CB91B6C5-F64D-45C7-906D-3AD2E1C0DFA1}.Debug|x64.ActiveCfg = Debug|Any CPU
		{CB91B6C5-F64D-45C7-906D-3AD2E1C0DFA1}.Debug|x64.Build.0 = Debug|Any CPU
		{CB91B6C5-F64D-45C7-906D-3AD2E1C0DFA1}.Debug|x86.ActiveCfg = Debug|Any CPU
		{CB91B6C5-F64D-45C7-906D-3AD2E1C0DFA1}.Debug|x86.Build.0 = Debug|Any CPU
		{CB91B6C5-F64D-45C7-906D-3AD2E1C0DFA1}.Release|Any CPU.ActiveCfg = Release|Any CPU
		{CB91B6C5-F64D-45C7-906D-3AD2E1C0DFA1}.Release|Any CPU.Build.0 = Release|Any CPU
		{CB91B6C5-F64D-45C7-906D-3AD2E1C0DFA1}.Release|ARM.ActiveCfg = Release|Any CPU
		{CB91B6C5-F64D-45C7-906D-3AD2E1C0DFA1}.Release|ARM.Build.0 = Release|Any CPU
		{CB91B6C5-F64D-45C7-906D-3AD2E1C0DFA1}.Release|x64.ActiveCfg = Release|Any CPU
		{CB91B6C5-F64D-45C7-906D-3AD2E1C0DFA1}.Release|x64.Build.0 = Release|Any CPU
		{CB91B6C5-F64D-45C7-906D-3AD2E1C0DFA1}.Release|x86.ActiveCfg = Release|Any CPU
		{CB91B6C5-F64D-45C7-906D-3AD2E1C0DFA1}.Release|x86.Build.0 = Release|Any CPU
		{918F5EB5-FF14-45A2-BD0C-FC9E6391D2A5}.Debug|Any CPU.ActiveCfg = Debug|Any CPU
		{918F5EB5-FF14-45A2-BD0C-FC9E6391D2A5}.Debug|Any CPU.Build.0 = Debug|Any CPU
		{918F5EB5-FF14-45A2-BD0C-FC9E6391D2A5}.Debug|ARM.ActiveCfg = Debug|Any CPU
		{918F5EB5-FF14-45A2-BD0C-FC9E6391D2A5}.Debug|ARM.Build.0 = Debug|Any CPU
		{918F5EB5-FF14-45A2-BD0C-FC9E6391D2A5}.Debug|x64.ActiveCfg = Debug|Any CPU
		{918F5EB5-FF14-45A2-BD0C-FC9E6391D2A5}.Debug|x64.Build.0 = Debug|Any CPU
		{918F5EB5-FF14-45A2-BD0C-FC9E6391D2A5}.Debug|x86.ActiveCfg = Debug|Any CPU
		{918F5EB5-FF14-45A2-BD0C-FC9E6391D2A5}.Debug|x86.Build.0 = Debug|Any CPU
		{918F5EB5-FF14-45A2-BD0C-FC9E6391D2A5}.Release|Any CPU.ActiveCfg = Release|Any CPU
		{918F5EB5-FF14-45A2-BD0C-FC9E6391D2A5}.Release|Any CPU.Build.0 = Release|Any CPU
		{918F5EB5-FF14-45A2-BD0C-FC9E6391D2A5}.Release|ARM.ActiveCfg = Release|Any CPU
		{918F5EB5-FF14-45A2-BD0C-FC9E6391D2A5}.Release|ARM.Build.0 = Release|Any CPU
		{918F5EB5-FF14-45A2-BD0C-FC9E6391D2A5}.Release|x64.ActiveCfg = Release|Any CPU
		{918F5EB5-FF14-45A2-BD0C-FC9E6391D2A5}.Release|x64.Build.0 = Release|Any CPU
		{918F5EB5-FF14-45A2-BD0C-FC9E6391D2A5}.Release|x86.ActiveCfg = Release|Any CPU
		{918F5EB5-FF14-45A2-BD0C-FC9E6391D2A5}.Release|x86.Build.0 = Release|Any CPU
		{4BAE381A-6C10-4974-ABAF-94960C048B79}.Debug|Any CPU.ActiveCfg = Debug|Any CPU
		{4BAE381A-6C10-4974-ABAF-94960C048B79}.Debug|Any CPU.Build.0 = Debug|Any CPU
		{4BAE381A-6C10-4974-ABAF-94960C048B79}.Debug|ARM.ActiveCfg = Debug|Any CPU
		{4BAE381A-6C10-4974-ABAF-94960C048B79}.Debug|ARM.Build.0 = Debug|Any CPU
		{4BAE381A-6C10-4974-ABAF-94960C048B79}.Debug|x64.ActiveCfg = Debug|Any CPU
		{4BAE381A-6C10-4974-ABAF-94960C048B79}.Debug|x64.Build.0 = Debug|Any CPU
		{4BAE381A-6C10-4974-ABAF-94960C048B79}.Debug|x86.ActiveCfg = Debug|Any CPU
		{4BAE381A-6C10-4974-ABAF-94960C048B79}.Debug|x86.Build.0 = Debug|Any CPU
		{4BAE381A-6C10-4974-ABAF-94960C048B79}.Release|Any CPU.ActiveCfg = Release|Any CPU
		{4BAE381A-6C10-4974-ABAF-94960C048B79}.Release|Any CPU.Build.0 = Release|Any CPU
		{4BAE381A-6C10-4974-ABAF-94960C048B79}.Release|ARM.ActiveCfg = Release|Any CPU
		{4BAE381A-6C10-4974-ABAF-94960C048B79}.Release|ARM.Build.0 = Release|Any CPU
		{4BAE381A-6C10-4974-ABAF-94960C048B79}.Release|x64.ActiveCfg = Release|Any CPU
		{4BAE381A-6C10-4974-ABAF-94960C048B79}.Release|x64.Build.0 = Release|Any CPU
		{4BAE381A-6C10-4974-ABAF-94960C048B79}.Release|x86.ActiveCfg = Release|Any CPU
		{4BAE381A-6C10-4974-ABAF-94960C048B79}.Release|x86.Build.0 = Release|Any CPU
	EndGlobalSection
	GlobalSection(SolutionProperties) = preSolution
		HideSolutionNode = FALSE
	EndGlobalSection
	GlobalSection(NestedProjects) = preSolution
		{32E64B22-872C-4EBA-AF2B-D6EE57F39622} = {849346FD-3D6B-41D7-A7B8-ADDCFEB1B589}
		{6E8BB890-A042-4588-B3F7-22186A130CBA} = {849346FD-3D6B-41D7-A7B8-ADDCFEB1B589}
		{4C838B8D-62D6-4BBD-AB16-D6E710505013} = {849346FD-3D6B-41D7-A7B8-ADDCFEB1B589}
		{85F92D5D-7EA4-464B-B5C9-EE1DA2BA5A45} = {849346FD-3D6B-41D7-A7B8-ADDCFEB1B589}
		{CCE5AAE9-EFED-4CE1-8628-429E6A838BF4} = {849346FD-3D6B-41D7-A7B8-ADDCFEB1B589}
		{55DB2068-754A-46CE-BAEF-4F486BC04233} = {849346FD-3D6B-41D7-A7B8-ADDCFEB1B589}
		{19FAF7C6-45E5-4CB6-A248-B348A91C07D3} = {849346FD-3D6B-41D7-A7B8-ADDCFEB1B589}
		{5F29DAC8-A5D0-4F40-8D6F-3697D2350AB0} = {849346FD-3D6B-41D7-A7B8-ADDCFEB1B589}
		{105F1438-F8B7-4282-8E30-919671C77F82} = {D13665BD-0BEC-4A99-8B85-AC894F401F25}
		{4A1EEF23-9B4B-49C4-8A98-30EA53D34CF6} = {D13665BD-0BEC-4A99-8B85-AC894F401F25}
		{CB3F127C-44C3-4893-917B-CBC7A0AFBAD7} = {D13665BD-0BEC-4A99-8B85-AC894F401F25}
		{120FC082-11CC-407A-9DEB-D9B987AA3C89} = {D13665BD-0BEC-4A99-8B85-AC894F401F25}
		{F0A21E11-6CA6-41BF-956E-345D85A6A3B2} = {D13665BD-0BEC-4A99-8B85-AC894F401F25}
		{82F22780-86E0-433B-95B2-56B42B34F8A0} = {0EEE36EA-5296-4859-A0A7-C4F64A88CA46}
		{EBE8E3C3-DD70-49AA-8E6E-D10D4FA4EE9A} = {E49B538F-AB99-4C52-963C-4F1FA41BB0FC}
		{A39EC83F-91C0-410E-8BAA-8381577B6DE8} = {E49B538F-AB99-4C52-963C-4F1FA41BB0FC}
		{AB0D0617-EB19-4CA1-B344-BBFECD7A39D0} = {E49B538F-AB99-4C52-963C-4F1FA41BB0FC}
		{CB91B6C5-F64D-45C7-906D-3AD2E1C0DFA1} = {E49B538F-AB99-4C52-963C-4F1FA41BB0FC}
		{E49B538F-AB99-4C52-963C-4F1FA41BB0FC} = {FF063A95-22DE-44EA-B2CE-10E5EB6BB49B}
		{918F5EB5-FF14-45A2-BD0C-FC9E6391D2A5} = {FF063A95-22DE-44EA-B2CE-10E5EB6BB49B}
		{4BAE381A-6C10-4974-ABAF-94960C048B79} = {FF063A95-22DE-44EA-B2CE-10E5EB6BB49B}
	EndGlobalSection
EndGlobal
